
Microsoft Visual Studio Solution File, Format Version 12.00
# Visual Studio Version 17
VisualStudioVersion = 17.14.36414.22 d17.14
MinimumVisualStudioVersion = 10.0.40219.1
Project("{FAE04EC0-301F-11D3-BF4B-00C04F79EFBC}") = "dərs 1", "dərs 1\dərs 1.csproj", "{395F60B0-C076-47FC-8273-DDC9FAD5430F}"
EndProject
Global
	GlobalSection(SolutionConfigurationPlatforms) = preSolution
		Debug|Any CPU = Debug|Any CPU
		Release|Any CPU = Release|Any CPU
	EndGlobalSection
	GlobalSection(ProjectConfigurationPlatforms) = postSolution
		{395F60B0-C076-47FC-8273-DDC9FAD5430F}.Debug|Any CPU.ActiveCfg = Debug|Any CPU
		{395F60B0-C076-47FC-8273-DDC9FAD5430F}.Debug|Any CPU.Build.0 = Debug|Any CPU
		{395F60B0-C076-47FC-8273-DDC9FAD5430F}.Release|Any CPU.ActiveCfg = Release|Any CPU
		{395F60B0-C076-47FC-8273-DDC9FAD5430F}.Release|Any CPU.Build.0 = Release|Any CPU
	EndGlobalSection
	GlobalSection(SolutionProperties) = preSolution
		HideSolutionNode = FALSE
	EndGlobalSection
	GlobalSection(ExtensibilityGlobals) = postSolution
		SolutionGuid = {4F3CE1B1-62EA-4891-BA52-B3E493BB7C1D}
	EndGlobalSection
EndGlobal
